<?xml version="1.0" encoding="utf-8"?>
<Project ToolsVersion="4.0" xmlns="http://schemas.microsoft.com/developer/msbuild/2003">
  <ItemGroup>
    <Filter Include="Generated Files">
      <UniqueIdentifier>{71ED8ED8-ACB9-4CE9-BBE1-E00B30144E11}</UniqueIdentifier>
      <Extensions>cpp;c;cxx;moc;h;def;odl;idl;res;</Extensions>
    </Filter>
    <Filter Include="Generated Files">
      <UniqueIdentifier>{71ED8ED8-ACB9-4CE9-BBE1-E00B30144E11}</UniqueIdentifier>
      <Extensions>cpp;c;cxx;moc;h;def;odl;idl;res;</Extensions>
    </Filter>
    <Filter Include="Header Files">
      <UniqueIdentifier>{93995380-89BD-4b04-88EB-625FBE52EBFB}</UniqueIdentifier>
      <Extensions>h;hpp;hxx;hm;inl;inc;xsd</Extensions>
    </Filter>
    <Filter Include="Header Files">
      <UniqueIdentifier>{93995380-89BD-4b04-88EB-625FBE52EBFB}</UniqueIdentifier>
      <Extensions>h;hpp;hxx;hm;inl;inc;xsd</Extensions>
    </Filter>
    <Filter Include="Resource Files">
      <UniqueIdentifier>{D9D6E242-F8AF-46E4-B9FD-80ECBC20BA3E}</UniqueIdentifier>
      <Extensions>qrc;*</Extensions>
      <ParseFiles>false</ParseFiles>
    </Filter>
    <Filter Include="Resource Files">
      <UniqueIdentifier>{D9D6E242-F8AF-46E4-B9FD-80ECBC20BA3E}</UniqueIdentifier>
      <Extensions>qrc;*</Extensions>
      <ParseFiles>false</ParseFiles>
    </Filter>
    <Filter Include="Source Files">
      <UniqueIdentifier>{4FC737F1-C7A5-4376-A066-2A32D752A2FF}</UniqueIdentifier>
      <Extensions>cpp;c;cxx;def;odl;idl;hpj;bat;asm;asmx</Extensions>
    </Filter>
    <Filter Include="Source Files">
      <UniqueIdentifier>{4FC737F1-C7A5-4376-A066-2A32D752A2FF}</UniqueIdentifier>
      <Extensions>cpp;c;cxx;def;odl;idl;hpj;bat;asm;asmx</Extensions>
    </Filter>
    <Filter Include="Translation Files">
      <UniqueIdentifier>{639EADAA-A684-42e4-A9AD-28FC9BCB8F7C}</UniqueIdentifier>
      <Extensions>ts;xlf</Extensions>
      <ParseFiles>false</ParseFiles>
    </Filter>
    <Filter Include="Translation Files">
      <UniqueIdentifier>{639EADAA-A684-42e4-A9AD-28FC9BCB8F7C}</UniqueIdentifier>
      <Extensions>ts;xlf</Extensions>
      <ParseFiles>false</ParseFiles>
    </Filter>
    <Filter Include="Generated Files\Debug">
      <UniqueIdentifier>{93a6e833-386e-49b9-8898-4a4927ed569b}</UniqueIdentifier>
      <Extensions>cpp;moc</Extensions>
      <SourceControlFiles>False</SourceControlFiles>
    </Filter>
    <Filter Include="Generated Files\Release">
      <UniqueIdentifier>{b0654f92-6dda-4366-a4cc-185679042967}</UniqueIdentifier>
      <Extensions>cpp;moc</Extensions>
      <SourceControlFiles>False</SourceControlFiles>
    </Filter>
  </ItemGroup>
  <ItemGroup>
    <ClCompile Include="gst\motioncells\MotionCells.cpp">
      <Filter>Source Files</Filter>
    </ClCompile>
    <ClCompile Include="src\aboutdialog.cpp">
      <Filter>Source Files</Filter>
    </ClCompile>
    <ClCompile Include="src\archivewindow.cpp">
      <Filter>Source Files</Filter>
    </ClCompile>
    <ClCompile Include="src\beryllium.cpp">
      <Filter>Source Files</Filter>
    </ClCompile>
    <ClCompile Include="src\touch\clickfilter.cpp">
      <Filter>Source Files</Filter>
    </ClCompile>
    <ClCompile Include="src\settings\confirmations.cpp">
      <Filter>Source Files</Filter>
    </ClCompile>
    <ClCompile Include="src\dicom\dcmclient.cpp">
      <Filter>Source Files</Filter>
    </ClCompile>
    <ClCompile Include="src\dicom\dcmconverter.cpp">
      <Filter>Source Files</Filter>
    </ClCompile>
    <ClCompile Include="src\settings\debug.cpp">
      <Filter>Source Files</Filter>
    </ClCompile>
    <ClCompile Include="src\dicom\detailsdialog.cpp">
      <Filter>Source Files</Filter>
    </ClCompile>
    <ClCompile Include="src\dicom\dicomdevicesettings.cpp">
      <Filter>Source Files</Filter>
    </ClCompile>
    <ClCompile Include="src\dicom\dicommppsmwlsettings.cpp">
      <Filter>Source Files</Filter>
    </ClCompile>
    <ClCompile Include="src\dicom\dicomserverdetails.cpp">
      <Filter>Source Files</Filter>
    </ClCompile>
    <ClCompile Include="src\dicom\dicomserversettings.cpp">
      <Filter>Source Files</Filter>
    </ClCompile>
    <ClCompile Include="src\dicom\dicomstoragesettings.cpp">
      <Filter>Source Files</Filter>
    </ClCompile>
    <ClCompile Include="gst\gst.cpp">
      <Filter>Source Files</Filter>
    </ClCompile>
    <ClCompile Include="gst\motioncells\gstmotioncells.cpp">
      <Filter>Source Files</Filter>
    </ClCompile>
    <ClCompile Include="gst\soup\gstsouphttpclientsink.c">
      <Filter>Source Files</Filter>
    </ClCompile>
    <ClCompile Include="src\hotkeyedit.cpp">
      <Filter>Source Files</Filter>
    </ClCompile>
    <ClCompile Include="src\settings\hotkeys.cpp">
      <Filter>Source Files</Filter>
    </ClCompile>
    <ClCompile Include="src\mainwindow.cpp">
      <Filter>Source Files</Filter>
    </ClCompile>
    <ClCompile Include="src\mainwindowdbusadaptor.cpp">
      <Filter>Source Files</Filter>
    </ClCompile>
    <ClCompile Include="src\mandatoryfieldgroup.cpp">
      <Filter>Source Files</Filter>
    </ClCompile>
    <ClCompile Include="src\settings\mandatoryfields.cpp">
      <Filter>Source Files</Filter>
    </ClCompile>
    <ClCompile Include="gst\motioncells\motioncells_wrapper.cpp">
      <Filter>Source Files</Filter>
    </ClCompile>
    <ClCompile Include="gst\mpeg_sys_type_find.cpp">
      <Filter>Source Files</Filter>
    </ClCompile>
    <ClCompile Include="src\patientdatadialog.cpp">
      <Filter>Source Files</Filter>
    </ClCompile>
    <ClCompile Include="src\settings\physicians.cpp">
      <Filter>Source Files</Filter>
    </ClCompile>
    <ClCompile Include="src\pipeline.cpp">
      <Filter>Source Files</Filter>
    </ClCompile>
    <ClCompile Include="libqxt\qxtconfirmationmessage.cpp">
      <Filter>Source Files</Filter>
    </ClCompile>
    <ClCompile Include="libqxt\qxtlineedit.cpp">
      <Filter>Source Files</Filter>
    </ClCompile>
    <ClCompile Include="libqxt\qxtspanslider.cpp">
      <Filter>Source Files</Filter>
    </ClCompile>
    <ClCompile Include="src\settingsdialog.cpp">
      <Filter>Source Files</Filter>
    </ClCompile>
    <ClCompile Include="src\touch\slidingstackedwidget.cpp">
      <Filter>Source Files</Filter>
    </ClCompile>
    <ClCompile Include="src\smartshortcut.cpp">
      <Filter>Source Files</Filter>
    </ClCompile>
    <ClCompile Include="src\smartshortcut_win.cpp">
      <Filter>Source Files</Filter>
    </ClCompile>
    <ClCompile Include="src\sound.cpp">
      <Filter>Source Files</Filter>
    </ClCompile>
    <ClCompile Include="src\settings\storage.cpp">
      <Filter>Source Files</Filter>
    </ClCompile>
    <ClCompile Include="src\settings\studies.cpp">
      <Filter>Source Files</Filter>
    </ClCompile>
    <ClCompile Include="src\thumbnaillist.cpp">
      <Filter>Source Files</Filter>
    </ClCompile>
    <ClCompile Include="src\dicom\transcyrillic.cpp">
      <Filter>Source Files</Filter>
    </ClCompile>
    <ClCompile Include="src\typedetect.cpp">
      <Filter>Source Files</Filter>
    </ClCompile>
    <ClCompile Include="src\videoeditor.cpp">
      <Filter>Source Files</Filter>
    </ClCompile>
    <ClCompile Include="src\videoencodingprogressdialog.cpp">
      <Filter>Source Files</Filter>
    </ClCompile>
    <ClCompile Include="src\settings\videorecord.cpp">
      <Filter>Source Files</Filter>
    </ClCompile>
    <ClCompile Include="src\settings\videosourcedetails.cpp">
      <Filter>Source Files</Filter>
    </ClCompile>
    <ClCompile Include="src\settings\videosources.cpp">
      <Filter>Source Files</Filter>
    </ClCompile>
    <ClCompile Include="src\videowidget.cpp">
      <Filter>Source Files</Filter>
    </ClCompile>
    <ClCompile Include="src\dicom\worklist.cpp">
      <Filter>Source Files</Filter>
    </ClCompile>
    <ClCompile Include="src\dicom\worklistcolumnsettings.cpp">
      <Filter>Source Files</Filter>
    </ClCompile>
    <ClCompile Include="src\dicom\worklistquerysettings.cpp">
      <Filter>Source Files</Filter>
    </ClCompile>
    <ClCompile Include="Debug\moc_aboutdialog.cpp">
      <Filter>Generated Files\Debug</Filter>
    </ClCompile>
    <ClCompile Include="Release\moc_aboutdialog.cpp">
      <Filter>Generated Files\Release</Filter>
    </ClCompile>
    <ClCompile Include="Debug\moc_archivewindow.cpp">
      <Filter>Generated Files\Debug</Filter>
    </ClCompile>
    <ClCompile Include="Release\moc_archivewindow.cpp">
      <Filter>Generated Files\Release</Filter>
    </ClCompile>
    <ClCompile Include="Debug\moc_clickfilter.cpp">
      <Filter>Generated Files\Debug</Filter>
    </ClCompile>
    <ClCompile Include="Release\moc_clickfilter.cpp">
      <Filter>Generated Files\Release</Filter>
    </ClCompile>
    <ClCompile Include="Debug\moc_comboboxwithpopupsignal.cpp">
      <Filter>Generated Files\Debug</Filter>
    </ClCompile>
    <ClCompile Include="Release\moc_comboboxwithpopupsignal.cpp">
      <Filter>Generated Files\Release</Filter>
    </ClCompile>
    <ClCompile Include="Debug\moc_confirmations.cpp">
      <Filter>Generated Files\Debug</Filter>
    </ClCompile>
    <ClCompile Include="Release\moc_confirmations.cpp">
      <Filter>Generated Files\Release</Filter>
    </ClCompile>
    <ClCompile Include="Debug\moc_dcmclient.cpp">
      <Filter>Generated Files\Debug</Filter>
    </ClCompile>
    <ClCompile Include="Release\moc_dcmclient.cpp">
      <Filter>Generated Files\Release</Filter>
    </ClCompile>
    <ClCompile Include="Debug\moc_debug.cpp">
      <Filter>Generated Files\Debug</Filter>
    </ClCompile>
    <ClCompile Include="Release\moc_debug.cpp">
      <Filter>Generated Files\Release</Filter>
    </ClCompile>
    <ClCompile Include="Debug\moc_detailsdialog.cpp">
      <Filter>Generated Files\Debug</Filter>
    </ClCompile>
    <ClCompile Include="Release\moc_detailsdialog.cpp">
      <Filter>Generated Files\Release</Filter>
    </ClCompile>
    <ClCompile Include="Debug\moc_dicomdevicesettings.cpp">
      <Filter>Generated Files\Debug</Filter>
    </ClCompile>
    <ClCompile Include="Release\moc_dicomdevicesettings.cpp">
      <Filter>Generated Files\Release</Filter>
    </ClCompile>
    <ClCompile Include="Debug\moc_dicommppsmwlsettings.cpp">
      <Filter>Generated Files\Debug</Filter>
    </ClCompile>
    <ClCompile Include="Release\moc_dicommppsmwlsettings.cpp">
      <Filter>Generated Files\Release</Filter>
    </ClCompile>
    <ClCompile Include="Debug\moc_dicomserverdetails.cpp">
      <Filter>Generated Files\Debug</Filter>
    </ClCompile>
    <ClCompile Include="Release\moc_dicomserverdetails.cpp">
      <Filter>Generated Files\Release</Filter>
    </ClCompile>
    <ClCompile Include="Debug\moc_dicomserversettings.cpp">
      <Filter>Generated Files\Debug</Filter>
    </ClCompile>
    <ClCompile Include="Release\moc_dicomserversettings.cpp">
      <Filter>Generated Files\Release</Filter>
    </ClCompile>
    <ClCompile Include="Debug\moc_dicomstoragesettings.cpp">
      <Filter>Generated Files\Debug</Filter>
    </ClCompile>
    <ClCompile Include="Release\moc_dicomstoragesettings.cpp">
      <Filter>Generated Files\Release</Filter>
    </ClCompile>
    <ClCompile Include="Debug\moc_hotkeyedit.cpp">
      <Filter>Generated Files\Debug</Filter>
    </ClCompile>
    <ClCompile Include="Release\moc_hotkeyedit.cpp">
      <Filter>Generated Files\Release</Filter>
    </ClCompile>
    <ClCompile Include="Debug\moc_hotkeys.cpp">
      <Filter>Generated Files\Debug</Filter>
    </ClCompile>
    <ClCompile Include="Release\moc_hotkeys.cpp">
      <Filter>Generated Files\Release</Filter>
    </ClCompile>
    <ClCompile Include="Debug\moc_mainwindow.cpp">
      <Filter>Generated Files\Debug</Filter>
    </ClCompile>
    <ClCompile Include="Release\moc_mainwindow.cpp">
      <Filter>Generated Files\Release</Filter>
    </ClCompile>
    <ClCompile Include="Debug\moc_mainwindowdbusadaptor.cpp">
      <Filter>Generated Files\Debug</Filter>
    </ClCompile>
    <ClCompile Include="Release\moc_mainwindowdbusadaptor.cpp">
      <Filter>Generated Files\Release</Filter>
    </ClCompile>
    <ClCompile Include="Debug\moc_mandatoryfieldgroup.cpp">
      <Filter>Generated Files\Debug</Filter>
    </ClCompile>
    <ClCompile Include="Release\moc_mandatoryfieldgroup.cpp">
      <Filter>Generated Files\Release</Filter>
    </ClCompile>
    <ClCompile Include="Debug\moc_mandatoryfields.cpp">
      <Filter>Generated Files\Debug</Filter>
    </ClCompile>
    <ClCompile Include="Release\moc_mandatoryfields.cpp">
      <Filter>Generated Files\Release</Filter>
    </ClCompile>
    <ClCompile Include="Debug\moc_patientdatadialog.cpp">
      <Filter>Generated Files\Debug</Filter>
    </ClCompile>
    <ClCompile Include="Release\moc_patientdatadialog.cpp">
      <Filter>Generated Files\Release</Filter>
    </ClCompile>
    <ClCompile Include="Debug\moc_physicians.cpp">
      <Filter>Generated Files\Debug</Filter>
    </ClCompile>
    <ClCompile Include="Release\moc_physicians.cpp">
      <Filter>Generated Files\Release</Filter>
    </ClCompile>
    <ClCompile Include="Debug\moc_pipeline.cpp">
      <Filter>Generated Files\Debug</Filter>
    </ClCompile>
    <ClCompile Include="Release\moc_pipeline.cpp">
      <Filter>Generated Files\Release</Filter>
    </ClCompile>
    <ClCompile Include="Debug\moc_qxtconfirmationmessage.cpp">
      <Filter>Generated Files\Debug</Filter>
    </ClCompile>
    <ClCompile Include="Release\moc_qxtconfirmationmessage.cpp">
      <Filter>Generated Files\Release</Filter>
    </ClCompile>
    <ClCompile Include="Debug\moc_qxtlineedit.cpp">
      <Filter>Generated Files\Debug</Filter>
    </ClCompile>
    <ClCompile Include="Release\moc_qxtlineedit.cpp">
      <Filter>Generated Files\Release</Filter>
    </ClCompile>
    <ClCompile Include="Debug\moc_qxtspanslider.cpp">
      <Filter>Generated Files\Debug</Filter>
    </ClCompile>
    <ClCompile Include="Release\moc_qxtspanslider.cpp">
      <Filter>Generated Files\Release</Filter>
    </ClCompile>
    <ClCompile Include="Debug\moc_qxtspanslider_p.cpp">
      <Filter>Generated Files\Debug</Filter>
    </ClCompile>
    <ClCompile Include="Release\moc_qxtspanslider_p.cpp">
      <Filter>Generated Files\Release</Filter>
    </ClCompile>
    <ClCompile Include="Debug\moc_settingsdialog.cpp">
      <Filter>Generated Files\Debug</Filter>
    </ClCompile>
    <ClCompile Include="Release\moc_settingsdialog.cpp">
      <Filter>Generated Files\Release</Filter>
    </ClCompile>
    <ClCompile Include="Debug\moc_slidingstackedwidget.cpp">
      <Filter>Generated Files\Debug</Filter>
    </ClCompile>
    <ClCompile Include="Release\moc_slidingstackedwidget.cpp">
      <Filter>Generated Files\Release</Filter>
    </ClCompile>
    <ClCompile Include="Debug\moc_slidingstackedwidget_p.cpp">
      <Filter>Generated Files\Debug</Filter>
    </ClCompile>
    <ClCompile Include="Release\moc_slidingstackedwidget_p.cpp">
      <Filter>Generated Files\Release</Filter>
    </ClCompile>
    <ClCompile Include="Debug\moc_smartshortcut.cpp">
      <Filter>Generated Files\Debug</Filter>
    </ClCompile>
    <ClCompile Include="Release\moc_smartshortcut.cpp">
      <Filter>Generated Files\Release</Filter>
    </ClCompile>
    <ClCompile Include="Debug\moc_sound.cpp">
      <Filter>Generated Files\Debug</Filter>
    </ClCompile>
    <ClCompile Include="Release\moc_sound.cpp">
      <Filter>Generated Files\Release</Filter>
    </ClCompile>
    <ClCompile Include="Debug\moc_storage.cpp">
      <Filter>Generated Files\Debug</Filter>
    </ClCompile>
    <ClCompile Include="Release\moc_storage.cpp">
      <Filter>Generated Files\Release</Filter>
    </ClCompile>
    <ClCompile Include="Debug\moc_studies.cpp">
      <Filter>Generated Files\Debug</Filter>
    </ClCompile>
    <ClCompile Include="Release\moc_studies.cpp">
      <Filter>Generated Files\Release</Filter>
    </ClCompile>
    <ClCompile Include="Debug\moc_thumbnaillist.cpp">
      <Filter>Generated Files\Debug</Filter>
    </ClCompile>
    <ClCompile Include="Release\moc_thumbnaillist.cpp">
      <Filter>Generated Files\Release</Filter>
    </ClCompile>
    <ClCompile Include="Debug\moc_videoeditor.cpp">
      <Filter>Generated Files\Debug</Filter>
    </ClCompile>
    <ClCompile Include="Release\moc_videoeditor.cpp">
      <Filter>Generated Files\Release</Filter>
    </ClCompile>
    <ClCompile Include="Debug\moc_videoencodingprogressdialog.cpp">
      <Filter>Generated Files\Debug</Filter>
    </ClCompile>
    <ClCompile Include="Release\moc_videoencodingprogressdialog.cpp">
      <Filter>Generated Files\Release</Filter>
    </ClCompile>
    <ClCompile Include="Debug\moc_videorecord.cpp">
      <Filter>Generated Files\Debug</Filter>
    </ClCompile>
    <ClCompile Include="Release\moc_videorecord.cpp">
      <Filter>Generated Files\Release</Filter>
    </ClCompile>
    <ClCompile Include="Debug\moc_videosourcedetails.cpp">
      <Filter>Generated Files\Debug</Filter>
    </ClCompile>
    <ClCompile Include="Release\moc_videosourcedetails.cpp">
      <Filter>Generated Files\Release</Filter>
    </ClCompile>
    <ClCompile Include="Debug\moc_videosources.cpp">
      <Filter>Generated Files\Debug</Filter>
    </ClCompile>
    <ClCompile Include="Release\moc_videosources.cpp">
      <Filter>Generated Files\Release</Filter>
    </ClCompile>
    <ClCompile Include="Debug\moc_videowidget.cpp">
      <Filter>Generated Files\Debug</Filter>
    </ClCompile>
    <ClCompile Include="Release\moc_videowidget.cpp">
      <Filter>Generated Files\Release</Filter>
    </ClCompile>
    <ClCompile Include="Debug\moc_worklist.cpp">
      <Filter>Generated Files\Debug</Filter>
    </ClCompile>
    <ClCompile Include="Release\moc_worklist.cpp">
      <Filter>Generated Files\Release</Filter>
    </ClCompile>
    <ClCompile Include="Debug\moc_worklistcolumnsettings.cpp">
      <Filter>Generated Files\Debug</Filter>
    </ClCompile>
    <ClCompile Include="Release\moc_worklistcolumnsettings.cpp">
      <Filter>Generated Files\Release</Filter>
    </ClCompile>
    <ClCompile Include="Debug\moc_worklistquerysettings.cpp">
      <Filter>Generated Files\Debug</Filter>
    </ClCompile>
    <ClCompile Include="Release\moc_worklistquerysettings.cpp">
      <Filter>Generated Files\Release</Filter>
    </ClCompile>
    <ClCompile Include="GeneratedFiles\qrc_beryllium.cpp">
      <Filter>Generated Files</Filter>
    </ClCompile>
  </ItemGroup>
  <ItemGroup>
    <ClInclude Include="gst\motioncells\MotionCells.h">
      <Filter>Header Files</Filter>
    </ClInclude>
    <CustomBuild Include="src\aboutdialog.h">
      <Filter>Header Files</Filter>
    </CustomBuild>
    <CustomBuild Include="src\archivewindow.h">
      <Filter>Header Files</Filter>
    </CustomBuild>
    <CustomBuild Include="src\touch\clickfilter.h">
      <Filter>Header Files</Filter>
    </CustomBuild>
    <CustomBuild Include="src\comboboxwithpopupsignal.h">
      <Filter>Header Files</Filter>
    </CustomBuild>
    <CustomBuild Include="src\settings\confirmations.h">
      <Filter>Header Files</Filter>
    </CustomBuild>
    <CustomBuild Include="src\dicom\dcmclient.h">
      <Filter>Header Files</Filter>
    </CustomBuild>
    <ClInclude Include="src\dicom\dcmconverter.h">
      <Filter>Header Files</Filter>
    </ClInclude>
    <CustomBuild Include="src\settings\debug.h">
      <Filter>Header Files</Filter>
    </CustomBuild>
    <ClInclude Include="src\defaults.h">
      <Filter>Header Files</Filter>
    </ClInclude>
    <CustomBuild Include="src\dicom\detailsdialog.h">
      <Filter>Header Files</Filter>
    </CustomBuild>
    <CustomBuild Include="src\dicom\dicomdevicesettings.h">
      <Filter>Header Files</Filter>
    </CustomBuild>
    <CustomBuild Include="src\dicom\dicommppsmwlsettings.h">
      <Filter>Header Files</Filter>
    </CustomBuild>
    <CustomBuild Include="src\dicom\dicomserverdetails.h">
      <Filter>Header Files</Filter>
    </CustomBuild>
    <CustomBuild Include="src\dicom\dicomserversettings.h">
      <Filter>Header Files</Filter>
    </CustomBuild>
    <CustomBuild Include="src\dicom\dicomstoragesettings.h">
      <Filter>Header Files</Filter>
    </CustomBuild>
    <ClInclude Include="gst\motioncells\gstmotioncells.h">
      <Filter>Header Files</Filter>
    </ClInclude>
    <ClInclude Include="gst\soup\gstsouphttpclientsink.h">
      <Filter>Header Files</Filter>
    </ClInclude>
    <CustomBuild Include="src\hotkeyedit.h">
      <Filter>Header Files</Filter>
    </CustomBuild>
    <CustomBuild Include="src\settings\hotkeys.h">
      <Filter>Header Files</Filter>
    </CustomBuild>
    <CustomBuild Include="src\mainwindow.h">
      <Filter>Header Files</Filter>
    </CustomBuild>
    <CustomBuild Include="src\mainwindowdbusadaptor.h">
      <Filter>Header Files</Filter>
    </CustomBuild>
    <CustomBuild Include="src\mandatoryfieldgroup.h">
      <Filter>Header Files</Filter>
    </CustomBuild>
    <CustomBuild Include="src\settings\mandatoryfields.h">
      <Filter>Header Files</Filter>
    </CustomBuild>
    <ClInclude Include="gst\motioncells\motioncells_wrapper.h">
      <Filter>Header Files</Filter>
    </ClInclude>
    <CustomBuild Include="src\patientdatadialog.h">
      <Filter>Header Files</Filter>
    </CustomBuild>
    <CustomBuild Include="src\settings\physicians.h">
      <Filter>Header Files</Filter>
    </CustomBuild>
    <CustomBuild Include="src\pipeline.h">
      <Filter>Header Files</Filter>
    </CustomBuild>
    <ClInclude Include="src\product.h">
      <Filter>Header Files</Filter>
    </ClInclude>
    <ClInclude Include="src\qwaitcursor.h">
      <Filter>Header Files</Filter>
    </ClInclude>
    <CustomBuild Include="libqxt\qxtconfirmationmessage.h">
      <Filter>Header Files</Filter>
    </CustomBuild>
    <CustomBuild Include="libqxt\qxtlineedit.h">
      <Filter>Header Files</Filter>
    </CustomBuild>
    <CustomBuild Include="libqxt\qxtspanslider.h">
      <Filter>Header Files</Filter>
    </CustomBuild>
    <CustomBuild Include="libqxt\qxtspanslider_p.h">
      <Filter>Header Files</Filter>
    </CustomBuild>
    <CustomBuild Include="src\settingsdialog.h">
      <Filter>Header Files</Filter>
    </CustomBuild>
    <CustomBuild Include="src\touch\slidingstackedwidget.h">
      <Filter>Header Files</Filter>
    </CustomBuild>
    <CustomBuild Include="src\touch\slidingstackedwidget_p.h">
      <Filter>Header Files</Filter>
    </CustomBuild>
    <CustomBuild Include="src\smartshortcut.h">
      <Filter>Header Files</Filter>
    </CustomBuild>
    <CustomBuild Include="src\sound.h">
      <Filter>Header Files</Filter>
    </CustomBuild>
    <CustomBuild Include="src\settings\storage.h">
      <Filter>Header Files</Filter>
    </CustomBuild>
    <CustomBuild Include="src\settings\studies.h">
      <Filter>Header Files</Filter>
    </CustomBuild>
    <CustomBuild Include="src\thumbnaillist.h">
      <Filter>Header Files</Filter>
    </CustomBuild>
    <ClInclude Include="src\dicom\transcyrillic.h">
      <Filter>Header Files</Filter>
    </ClInclude>
    <ClInclude Include="src\typedetect.h">
      <Filter>Header Files</Filter>
    </ClInclude>
    <CustomBuild Include="src\videoeditor.h">
      <Filter>Header Files</Filter>
    </CustomBuild>
    <CustomBuild Include="src\videoencodingprogressdialog.h">
      <Filter>Header Files</Filter>
    </CustomBuild>
    <CustomBuild Include="src\settings\videorecord.h">
      <Filter>Header Files</Filter>
    </CustomBuild>
    <CustomBuild Include="src\settings\videosourcedetails.h">
      <Filter>Header Files</Filter>
    </CustomBuild>
    <CustomBuild Include="src\settings\videosources.h">
      <Filter>Header Files</Filter>
    </CustomBuild>
    <CustomBuild Include="src\videowidget.h">
      <Filter>Header Files</Filter>
    </CustomBuild>
    <CustomBuild Include="src\dicom\worklist.h">
      <Filter>Header Files</Filter>
    </CustomBuild>
    <CustomBuild Include="src\dicom\worklistcolumnsettings.h">
      <Filter>Header Files</Filter>
    </CustomBuild>
    <CustomBuild Include="src\dicom\worklistquerysettings.h">
      <Filter>Header Files</Filter>
    </CustomBuild>
  </ItemGroup>
  <ItemGroup>
    <None Include="beryllium_ru.ts">
      <Filter>Translation Files</Filter>
    </None>
  </ItemGroup>
  <ItemGroup>
    <None Include="pixmaps\about.png">
      <Filter>Resource Files</Filter>
    </None>
    <None Include="pixmaps\back.png">
      <Filter>Resource Files</Filter>
    </None>
    <None Include="pixmaps\beryllium.png">
      <Filter>Resource Files</Filter>
    </None>
    <CustomBuild Include="beryllium.qrc">
      <Filter>Resource Files</Filter>
    </CustomBuild>
    <None Include="pixmaps\camera.png">
      <Filter>Resource Files</Filter>
    </None>
    <None Include="pixmaps\cut_left.png">
      <Filter>Resource Files</Filter>
    </None>
    <None Include="pixmaps\cut_right.png">
      <Filter>Resource Files</Filter>
    </None>
    <None Include="pixmaps\database.png">
      <Filter>Resource Files</Filter>
    </None>
    <None Include="pixmaps\delete.png">
      <Filter>Resource Files</Filter>
    </None>
    <None Include="pixmaps\details.png">
      <Filter>Resource Files</Filter>
    </None>
    <None Include="pixmaps\dicom.png">
      <Filter>Resource Files</Filter>
    </None>
    <None Include="pixmaps\edit.png">
      <Filter>Resource Files</Filter>
    </None>
    <None Include="pixmaps\file_save.png">
      <Filter>Resource Files</Filter>
    </None>
    <None Include="pixmaps\file_save_as.png">
      <Filter>Resource Files</Filter>
    </None>
    <None Include="pixmaps\film.png">
      <Filter>Resource Files</Filter>
    </None>
    <None Include="pixmaps\folder.png">
      <Filter>Resource Files</Filter>
    </None>
    <None Include="pixmaps\forward.png">
      <Filter>Resource Files</Filter>
    </None>
    <None Include="pixmaps\gallery.png">
      <Filter>Resource Files</Filter>
    </None>
    <None Include="pixmaps\grid.png">
      <Filter>Resource Files</Filter>
    </None>
    <None Include="pixmaps\list.png">
      <Filter>Resource Files</Filter>
    </None>
    <None Include="pixmaps\movie.png">
      <Filter>Resource Files</Filter>
    </None>
    <None Include="pixmaps\next.png">
      <Filter>Resource Files</Filter>
    </None>
    <None Include="pixmaps\pause.png">
      <Filter>Resource Files</Filter>
    </None>
    <None Include="pixmaps\play.png">
      <Filter>Resource Files</Filter>
    </None>
    <None Include="pixmaps\prev.png">
      <Filter>Resource Files</Filter>
    </None>
    <None Include="pixmaps\record.png">
      <Filter>Resource Files</Filter>
    </None>
    <None Include="pixmaps\record_done.png">
      <Filter>Resource Files</Filter>
    </None>
    <None Include="pixmaps\refresh.png">
      <Filter>Resource Files</Filter>
    </None>
    <None Include="libqxt\resources\icons\reset.png">
      <Filter>Resource Files</Filter>
    </None>
    <None Include="pixmaps\rewind.png">
      <Filter>Resource Files</Filter>
    </None>
    <None Include="libqxt\resources\icons\search.png">
      <Filter>Resource Files</Filter>
    </None>
    <None Include="pixmaps\settings.png">
      <Filter>Resource Files</Filter>
    </None>
    <None Include="pixmaps\start.png">
      <Filter>Resource Files</Filter>
    </None>
    <None Include="pixmaps\stop.png">
      <Filter>Resource Files</Filter>
    </None>
    <None Include="pixmaps\undo.png">
      <Filter>Resource Files</Filter>
    </None>
    <None Include="pixmaps\up.png">
      <Filter>Resource Files</Filter>
    </None>
    <None Include="pixmaps\user_add.png">
      <Filter>Resource Files</Filter>
    </None>
    <None Include="pixmaps\user_manage.png">
      <Filter>Resource Files</Filter>
    </None>
  </ItemGroup>
</Project>